
Microsoft Visual Studio Solution File, Format Version 11.00
# Visual Studio 2010
Project("{8BC9CEB8-8B4A-11D0-8D11-00A0C91BC942}") = "ZNes", "UI\nes.vcxproj", "{E03D5AEA-3B49-45A0-98F8-9F476B886059}"
	ProjectSection(ProjectDependencies) = postProject
		{99743DD8-4C8B-46EB-B76E-DF181EC08F3B} = {99743DD8-4C8B-46EB-B76E-DF181EC08F3B}
	EndProjectSection
EndProject
Project("{8BC9CEB8-8B4A-11D0-8D11-00A0C91BC942}") = "core", "..\core\core.vcxproj", "{99743DD8-4C8B-46EB-B76E-DF181EC08F3B}"
EndProject
Global
	GlobalSection(SolutionConfigurationPlatforms) = preSolution
		Debug|Win32 = Debug|Win32
		Release|Win32 = Release|Win32
	EndGlobalSection
	GlobalSection(ProjectConfigurationPlatforms) = postSolution
		{E03D5AEA-3B49-45A0-98F8-9F476B886059}.Debug|Win32.ActiveCfg = Debug|Win32
		{E03D5AEA-3B49-45A0-98F8-9F476B886059}.Debug|Win32.Build.0 = Debug|Win32
		{E03D5AEA-3B49-45A0-98F8-9F476B886059}.Release|Win32.ActiveCfg = Release|Win32
		{E03D5AEA-3B49-45A0-98F8-9F476B886059}.Release|Win32.Build.0 = Release|Win32
		{99743DD8-4C8B-46EB-B76E-DF181EC08F3B}.Debug|Win32.ActiveCfg = Debug|Win32
		{99743DD8-4C8B-46EB-B76E-DF181EC08F3B}.Debug|Win32.Build.0 = Debug|Win32
		{99743DD8-4C8B-46EB-B76E-DF181EC08F3B}.Release|Win32.ActiveCfg = Release|Win32
		{99743DD8-4C8B-46EB-B76E-DF181EC08F3B}.Release|Win32.Build.0 = Release|Win32
	EndGlobalSection
	GlobalSection(SolutionProperties) = preSolution
		HideSolutionNode = FALSE
	EndGlobalSection
EndGlobal
