<?xml version="1.0" encoding="utf-8"?>
<Project ToolsVersion="4.0" xmlns="http://schemas.microsoft.com/developer/msbuild/2003">
  <ItemGroup>
    <Filter Include="Header Files">
      <UniqueIdentifier>{93995380-89BD-4b04-88EB-625FBE52EBFB}</UniqueIdentifier>
      <Extensions>h;hpp;hxx;hm;inl;inc;xsd</Extensions>
    </Filter>
    <Filter Include="Header Files">
      <UniqueIdentifier>{93995380-89BD-4b04-88EB-625FBE52EBFB}</UniqueIdentifier>
      <Extensions>h;hpp;hxx;hm;inl;inc;xsd</Extensions>
    </Filter>
    <Filter Include="Source Files">
      <UniqueIdentifier>{4FC737F1-C7A5-4376-A066-2A32D752A2FF}</UniqueIdentifier>
      <Extensions>cpp;c;cxx;def;odl;idl;hpj;bat;asm;asmx</Extensions>
    </Filter>
    <Filter Include="Source Files">
      <UniqueIdentifier>{4FC737F1-C7A5-4376-A066-2A32D752A2FF}</UniqueIdentifier>
      <Extensions>cpp;c;cxx;def;odl;idl;hpj;bat;asm;asmx</Extensions>
    </Filter>
  </ItemGroup>
  <ItemGroup>
    <ClCompile Include="..\core\asm.cpp">
      <Filter>Source Files</Filter>
    </ClCompile>
    <ClCompile Include="..\core\controller.cpp">
      <Filter>Source Files</Filter>
    </ClCompile>
    <ClCompile Include="..\core\cpu.cpp">
      <Filter>Source Files</Filter>
    </ClCompile>
    <ClCompile Include="..\core\debug.cpp">
      <Filter>Source Files</Filter>
    </ClCompile>
    <ClCompile Include="..\core\emuthread.cpp">
      <Filter>Source Files</Filter>
    </ClCompile>
    <ClCompile Include="..\core\log.cpp">
      <Filter>Source Files</Filter>
    </ClCompile>
    <ClCompile Include="..\core\mapper\mapper.cpp">
      <Filter>Source Files</Filter>
    </ClCompile>
    <ClCompile Include="..\core\mapper\mapper0.cpp">
      <Filter>Source Files</Filter>
    </ClCompile>
    <ClCompile Include="..\core\mapper\mapper1.cpp">
      <Filter>Source Files</Filter>
    </ClCompile>
    <ClCompile Include="..\core\mapper\mapper2.cpp">
      <Filter>Source Files</Filter>
    </ClCompile>
    <ClCompile Include="..\core\memmap.cpp">
      <Filter>Source Files</Filter>
    </ClCompile>
    <ClCompile Include="..\core\memory.cpp">
      <Filter>Source Files</Filter>
    </ClCompile>
    <ClCompile Include="..\core\nes.cpp">
      <Filter>Source Files</Filter>
    </ClCompile>
    <ClCompile Include="..\core\ppu.cpp">
      <Filter>Source Files</Filter>
    </ClCompile>
    <ClCompile Include="..\core\rom.cpp">
      <Filter>Source Files</Filter>
    </ClCompile>
    <ClCompile Include="..\core\test.cpp">
      <Filter>Source Files</Filter>
    </ClCompile>
    <ClCompile Include="..\core\threadutil.cpp">
      <Filter>Source Files</Filter>
    </ClCompile>
  </ItemGroup>
  <ItemGroup>
    <ClInclude Include="..\core\asm.h">
      <Filter>Header Files</Filter>
    </ClInclude>
    <ClInclude Include="..\core\controller.h">
      <Filter>Header Files</Filter>
    </ClInclude>
    <ClInclude Include="..\core\cpu.h">
      <Filter>Header Files</Filter>
    </ClInclude>
    <ClInclude Include="..\core\debug.h">
      <Filter>Header Files</Filter>
    </ClInclude>
    <ClInclude Include="..\core\emuthread.h">
      <Filter>Header Files</Filter>
    </ClInclude>
    <ClInclude Include="..\global.h">
      <Filter>Header Files</Filter>
    </ClInclude>
    <ClInclude Include="..\core\log.h">
      <Filter>Header Files</Filter>
    </ClInclude>
    <ClInclude Include="..\core\mapper\mapper.h">
      <Filter>Header Files</Filter>
    </ClInclude>
    <ClInclude Include="..\core\mapper\mapper0.h">
      <Filter>Header Files</Filter>
    </ClInclude>
    <ClInclude Include="..\core\mapper\mapper1.h">
      <Filter>Header Files</Filter>
    </ClInclude>
    <ClInclude Include="..\core\mapper\mapper2.h">
      <Filter>Header Files</Filter>
    </ClInclude>
    <ClInclude Include="..\core\mapper\mapperunit.h">
      <Filter>Header Files</Filter>
    </ClInclude>
    <ClInclude Include="..\core\memmap.h">
      <Filter>Header Files</Filter>
    </ClInclude>
    <ClInclude Include="..\core\memory.h">
      <Filter>Header Files</Filter>
    </ClInclude>
    <ClInclude Include="..\core\nes.h">
      <Filter>Header Files</Filter>
    </ClInclude>
    <ClInclude Include="..\core\ppu.h">
      <Filter>Header Files</Filter>
    </ClInclude>
    <ClInclude Include="..\core\rom.h">
      <Filter>Header Files</Filter>
    </ClInclude>
    <ClInclude Include="..\core\test.h">
      <Filter>Header Files</Filter>
    </ClInclude>
    <ClInclude Include="..\core\threadutil.h">
      <Filter>Header Files</Filter>
    </ClInclude>
  </ItemGroup>
</Project>