<?xml version="1.0" encoding="utf-8"?>
<Project ToolsVersion="4.0" xmlns="http://schemas.microsoft.com/developer/msbuild/2003">
  <ItemGroup>
    <Filter Include="源文件">
      <UniqueIdentifier>{4FC737F1-C7A5-4376-A066-2A32D752A2FF}</UniqueIdentifier>
      <Extensions>cpp;c;cc;cxx;def;odl;idl;hpj;bat;asm;asmx</Extensions>
    </Filter>
    <Filter Include="头文件">
      <UniqueIdentifier>{93995380-89BD-4b04-88EB-625FBE52EBFB}</UniqueIdentifier>
      <Extensions>h;hpp;hxx;hm;inl;inc;xsd</Extensions>
    </Filter>
    <Filter Include="资源文件">
      <UniqueIdentifier>{67DA6AB6-F800-4c08-8B7A-83BB121AAD01}</UniqueIdentifier>
      <Extensions>rc;ico;cur;bmp;dlg;rc2;rct;bin;rgs;gif;jpg;jpeg;jpe;resx;tiff;tif;png;wav;mfcribbon-ms</Extensions>
    </Filter>
    <Filter Include="源文件\Mapper">
      <UniqueIdentifier>{d76631fc-8f71-4ec1-a659-d47a41cad56b}</UniqueIdentifier>
    </Filter>
    <Filter Include="头文件\Mapper">
      <UniqueIdentifier>{7816aabe-143f-4824-a1af-ff0f7fd20c38}</UniqueIdentifier>
    </Filter>
  </ItemGroup>
  <ItemGroup>
    <ClCompile Include="controller.cpp">
      <Filter>源文件</Filter>
    </ClCompile>
    <ClCompile Include="cpu.cpp">
      <Filter>源文件</Filter>
    </ClCompile>
    <ClCompile Include="debug.cpp">
      <Filter>源文件</Filter>
    </ClCompile>
    <ClCompile Include="emuthread.cpp">
      <Filter>源文件</Filter>
    </ClCompile>
    <ClCompile Include="log.cpp">
      <Filter>源文件</Filter>
    </ClCompile>
    <ClCompile Include="memmap.cpp">
      <Filter>源文件</Filter>
    </ClCompile>
    <ClCompile Include="memory.cpp">
      <Filter>源文件</Filter>
    </ClCompile>
    <ClCompile Include="nes.cpp">
      <Filter>源文件</Filter>
    </ClCompile>
    <ClCompile Include="ppu.cpp">
      <Filter>源文件</Filter>
    </ClCompile>
    <ClCompile Include="rom.cpp">
      <Filter>源文件</Filter>
    </ClCompile>
    <ClCompile Include="test.cpp">
      <Filter>源文件</Filter>
    </ClCompile>
    <ClCompile Include="threadutil.cpp">
      <Filter>源文件</Filter>
    </ClCompile>
    <ClCompile Include="mapper\mapper.cpp">
      <Filter>源文件\Mapper</Filter>
    </ClCompile>
    <ClCompile Include="mapper\mapper0.cpp">
      <Filter>源文件\Mapper</Filter>
    </ClCompile>
    <ClCompile Include="..\global.cpp">
      <Filter>源文件</Filter>
    </ClCompile>
    <ClCompile Include="mapper\mapper1.cpp">
      <Filter>源文件\Mapper</Filter>
    </ClCompile>
    <ClCompile Include="mapper\mapper2.cpp">
      <Filter>源文件\Mapper</Filter>
    </ClCompile>
  </ItemGroup>
  <ItemGroup>
    <ClInclude Include="controller.h">
      <Filter>头文件</Filter>
    </ClInclude>
    <ClInclude Include="cpu.h">
      <Filter>头文件</Filter>
    </ClInclude>
    <ClInclude Include="debug.h">
      <Filter>头文件</Filter>
    </ClInclude>
    <ClInclude Include="emuthread.h">
      <Filter>头文件</Filter>
    </ClInclude>
    <ClInclude Include="log.h">
      <Filter>头文件</Filter>
    </ClInclude>
    <ClInclude Include="memmap.h">
      <Filter>头文件</Filter>
    </ClInclude>
    <ClInclude Include="memory.h">
      <Filter>头文件</Filter>
    </ClInclude>
    <ClInclude Include="nes.h">
      <Filter>头文件</Filter>
    </ClInclude>
    <ClInclude Include="ppu.h">
      <Filter>头文件</Filter>
    </ClInclude>
    <ClInclude Include="rom.h">
      <Filter>头文件</Filter>
    </ClInclude>
    <ClInclude Include="test.h">
      <Filter>头文件</Filter>
    </ClInclude>
    <ClInclude Include="threadutil.h">
      <Filter>头文件</Filter>
    </ClInclude>
    <ClInclude Include="mapper\mapper.h">
      <Filter>头文件\Mapper</Filter>
    </ClInclude>
    <ClInclude Include="mapper\mapper0.h">
      <Filter>头文件\Mapper</Filter>
    </ClInclude>
    <ClInclude Include="mapper\mapperunit.h">
      <Filter>头文件\Mapper</Filter>
    </ClInclude>
    <ClInclude Include="..\global.h">
      <Filter>头文件</Filter>
    </ClInclude>
    <ClInclude Include="mapper\mapper1.h">
      <Filter>头文件\Mapper</Filter>
    </ClInclude>
    <ClInclude Include="mapper\mapper2.h">
      <Filter>头文件\Mapper</Filter>
    </ClInclude>
  </ItemGroup>
</Project>